
Microsoft Visual Studio Solution File, Format Version 12.00
# Visual Studio Version 16
VisualStudioVersion = 16.0.29409.12
MinimumVisualStudioVersion = 10.0.40219.1
Project("{FAE04EC0-301F-11D3-BF4B-00C04F79EFBC}") = "CVeator.Web", "CVeator.Web\CVeator.Web.csproj", "{F0919B08-A302-4B88-967A-71D7B0AD8CF0}"
EndProject
Project("{FAE04EC0-301F-11D3-BF4B-00C04F79EFBC}") = "CVeator.Entities", "CVeator.Entities\CVeator.Entities.csproj", "{9ED62845-65DB-4476-A3F3-31F8A300F51D}"
EndProject
Project("{FAE04EC0-301F-11D3-BF4B-00C04F79EFBC}") = "CVeator.Data", "CVeator.Data\CVeator.Data.csproj", "{434C8166-7B62-4DD6-8976-AAB30082F0DD}"
EndProject
Project("{FAE04EC0-301F-11D3-BF4B-00C04F79EFBC}") = "CVeatorServices", "CVeatorServices\CVeatorServices.csproj", "{6E98A8F2-9D2B-40CF-B0F3-2C6D76C8D234}"
EndProject
Global
	GlobalSection(SolutionConfigurationPlatforms) = preSolution
		Debug|Any CPU = Debug|Any CPU
		Release|Any CPU = Release|Any CPU
	EndGlobalSection
	GlobalSection(ProjectConfigurationPlatforms) = postSolution
		{F0919B08-A302-4B88-967A-71D7B0AD8CF0}.Debug|Any CPU.ActiveCfg = Debug|Any CPU
		{F0919B08-A302-4B88-967A-71D7B0AD8CF0}.Debug|Any CPU.Build.0 = Debug|Any CPU
		{F0919B08-A302-4B88-967A-71D7B0AD8CF0}.Release|Any CPU.ActiveCfg = Release|Any CPU
		{F0919B08-A302-4B88-967A-71D7B0AD8CF0}.Release|Any CPU.Build.0 = Release|Any CPU
		{9ED62845-65DB-4476-A3F3-31F8A300F51D}.Debug|Any CPU.ActiveCfg = Debug|Any CPU
		{9ED62845-65DB-4476-A3F3-31F8A300F51D}.Debug|Any CPU.Build.0 = Debug|Any CPU
		{9ED62845-65DB-4476-A3F3-31F8A300F51D}.Release|Any CPU.ActiveCfg = Release|Any CPU
		{9ED62845-65DB-4476-A3F3-31F8A300F51D}.Release|Any CPU.Build.0 = Release|Any CPU
		{434C8166-7B62-4DD6-8976-AAB30082F0DD}.Debug|Any CPU.ActiveCfg = Debug|Any CPU
		{434C8166-7B62-4DD6-8976-AAB30082F0DD}.Debug|Any CPU.Build.0 = Debug|Any CPU
		{434C8166-7B62-4DD6-8976-AAB30082F0DD}.Release|Any CPU.ActiveCfg = Release|Any CPU
		{434C8166-7B62-4DD6-8976-AAB30082F0DD}.Release|Any CPU.Build.0 = Release|Any CPU
		{6E98A8F2-9D2B-40CF-B0F3-2C6D76C8D234}.Debug|Any CPU.ActiveCfg = Debug|Any CPU
		{6E98A8F2-9D2B-40CF-B0F3-2C6D76C8D234}.Debug|Any CPU.Build.0 = Debug|Any CPU
		{6E98A8F2-9D2B-40CF-B0F3-2C6D76C8D234}.Release|Any CPU.ActiveCfg = Release|Any CPU
		{6E98A8F2-9D2B-40CF-B0F3-2C6D76C8D234}.Release|Any CPU.Build.0 = Release|Any CPU
	EndGlobalSection
	GlobalSection(SolutionProperties) = preSolution
		HideSolutionNode = FALSE
	EndGlobalSection
	GlobalSection(ExtensibilityGlobals) = postSolution
		SolutionGuid = {3B795938-90E0-4405-8BBE-4AE4CD8154C4}
	EndGlobalSection
EndGlobal
